
Microsoft Visual Studio Solution File, Format Version 12.00
# Visual Studio Version 17
VisualStudioVersion = 17.0.31903.59
MinimumVisualStudioVersion = 10.0.40219.1
Project("{2150E333-8FDC-42A3-9474-1A3956D46DE8}") = "src", "src", "{827E0CD3-B72D-47B6-A68D-7590B98EB39B}"
EndProject
Project("{FAE04EC0-301F-11D3-BF4B-00C04F79EFBC}") = "AiDe.App", "src\AiDe.App\AiDe.App.csproj", "{0614D7CA-345D-4A65-B5AC-1FD10E921E4F}"
EndProject
Project("{2150E333-8FDC-42A3-9474-1A3956D46DE8}") = "tests", "tests", "{0AB3BF05-4346-4AA6-1389-037BE0695223}"
EndProject
Project("{FAE04EC0-301F-11D3-BF4B-00C04F79EFBC}") = "AiDe.App.Tests", "tests\AiDe.App.Tests\AiDe.App.Tests.csproj", "{1D005FA1-9048-4B16-ABF4-8568CBFF2D5F}"
EndProject
Project("{FAE04EC0-301F-11D3-BF4B-00C04F79EFBC}") = "AiDe.Core", "src\AiDe.Core\AiDe.Core.csproj", "{F15515BF-7799-4C57-B632-342B52B18C71}"
EndProject
Project("{FAE04EC0-301F-11D3-BF4B-00C04F79EFBC}") = "AiDe.Core.Tests", "tests\AiDe.Core.Tests\AiDe.Core.Tests.csproj", "{02A1BD50-E2CF-414B-AC47-CCD7D996E1B4}"
EndProject
Project("{2150E333-8FDC-42A3-9474-1A3956D46DE8}") = "bench", "bench", "{760AB15A-8938-8D9B-BEDE-5CE1484B84C3}"
EndProject
Project("{FAE04EC0-301F-11D3-BF4B-00C04F79EFBC}") = "AiDe.Bench", "bench\AiDe.Bench\AiDe.Bench.csproj", "{1EBE3CC5-F3C2-47CB-AD34-A54EFC4B00D8}"
EndProject
Project("{FAE04EC0-301F-11D3-BF4B-00C04F79EFBC}") = "AiDe.Core.TerminalHost", "tests\AiDe.Core.TerminalHost\AiDe.Core.TerminalHost.csproj", "{670FC715-5457-4F1E-AC44-34608CC0961F}"
EndProject
Global
	GlobalSection(SolutionConfigurationPlatforms) = preSolution
		Debug|Any CPU = Debug|Any CPU
		Debug|x64 = Debug|x64
		Debug|x86 = Debug|x86
		Release|Any CPU = Release|Any CPU
		Release|x64 = Release|x64
		Release|x86 = Release|x86
	EndGlobalSection
	GlobalSection(ProjectConfigurationPlatforms) = postSolution
		{0614D7CA-345D-4A65-B5AC-1FD10E921E4F}.Debug|Any CPU.ActiveCfg = Debug|Any CPU
		{0614D7CA-345D-4A65-B5AC-1FD10E921E4F}.Debug|Any CPU.Build.0 = Debug|Any CPU
		{0614D7CA-345D-4A65-B5AC-1FD10E921E4F}.Debug|x64.ActiveCfg = Debug|Any CPU
		{0614D7CA-345D-4A65-B5AC-1FD10E921E4F}.Debug|x64.Build.0 = Debug|Any CPU
		{0614D7CA-345D-4A65-B5AC-1FD10E921E4F}.Debug|x86.ActiveCfg = Debug|Any CPU
		{0614D7CA-345D-4A65-B5AC-1FD10E921E4F}.Debug|x86.Build.0 = Debug|Any CPU
		{0614D7CA-345D-4A65-B5AC-1FD10E921E4F}.Release|Any CPU.ActiveCfg = Release|Any CPU
		{0614D7CA-345D-4A65-B5AC-1FD10E921E4F}.Release|Any CPU.Build.0 = Release|Any CPU
		{0614D7CA-345D-4A65-B5AC-1FD10E921E4F}.Release|x64.ActiveCfg = Release|Any CPU
		{0614D7CA-345D-4A65-B5AC-1FD10E921E4F}.Release|x64.Build.0 = Release|Any CPU
		{0614D7CA-345D-4A65-B5AC-1FD10E921E4F}.Release|x86.ActiveCfg = Release|Any CPU
		{0614D7CA-345D-4A65-B5AC-1FD10E921E4F}.Release|x86.Build.0 = Release|Any CPU
		{1D005FA1-9048-4B16-ABF4-8568CBFF2D5F}.Debug|Any CPU.ActiveCfg = Debug|Any CPU
		{1D005FA1-9048-4B16-ABF4-8568CBFF2D5F}.Debug|Any CPU.Build.0 = Debug|Any CPU
		{1D005FA1-9048-4B16-ABF4-8568CBFF2D5F}.Debug|x64.ActiveCfg = Debug|Any CPU
		{1D005FA1-9048-4B16-ABF4-8568CBFF2D5F}.Debug|x64.Build.0 = Debug|Any CPU
		{1D005FA1-9048-4B16-ABF4-8568CBFF2D5F}.Debug|x86.ActiveCfg = Debug|Any CPU
		{1D005FA1-9048-4B16-ABF4-8568CBFF2D5F}.Debug|x86.Build.0 = Debug|Any CPU
		{1D005FA1-9048-4B16-ABF4-8568CBFF2D5F}.Release|Any CPU.ActiveCfg = Release|Any CPU
		{1D005FA1-9048-4B16-ABF4-8568CBFF2D5F}.Release|Any CPU.Build.0 = Release|Any CPU
		{1D005FA1-9048-4B16-ABF4-8568CBFF2D5F}.Release|x64.ActiveCfg = Release|Any CPU
		{1D005FA1-9048-4B16-ABF4-8568CBFF2D5F}.Release|x64.Build.0 = Release|Any CPU
		{1D005FA1-9048-4B16-ABF4-8568CBFF2D5F}.Release|x86.ActiveCfg = Release|Any CPU
		{1D005FA1-9048-4B16-ABF4-8568CBFF2D5F}.Release|x86.Build.0 = Release|Any CPU
		{F15515BF-7799-4C57-B632-342B52B18C71}.Debug|Any CPU.ActiveCfg = Debug|Any CPU
		{F15515BF-7799-4C57-B632-342B52B18C71}.Debug|Any CPU.Build.0 = Debug|Any CPU
		{F15515BF-7799-4C57-B632-342B52B18C71}.Debug|x64.ActiveCfg = Debug|Any CPU
		{F15515BF-7799-4C57-B632-342B52B18C71}.Debug|x64.Build.0 = Debug|Any CPU
		{F15515BF-7799-4C57-B632-342B52B18C71}.Debug|x86.ActiveCfg = Debug|Any CPU
		{F15515BF-7799-4C57-B632-342B52B18C71}.Debug|x86.Build.0 = Debug|Any CPU
		{F15515BF-7799-4C57-B632-342B52B18C71}.Release|Any CPU.ActiveCfg = Release|Any CPU
		{F15515BF-7799-4C57-B632-342B52B18C71}.Release|Any CPU.Build.0 = Release|Any CPU
		{F15515BF-7799-4C57-B632-342B52B18C71}.Release|x64.ActiveCfg = Release|Any CPU
		{F15515BF-7799-4C57-B632-342B52B18C71}.Release|x64.Build.0 = Release|Any CPU
		{F15515BF-7799-4C57-B632-342B52B18C71}.Release|x86.ActiveCfg = Release|Any CPU
		{F15515BF-7799-4C57-B632-342B52B18C71}.Release|x86.Build.0 = Release|Any CPU
		{02A1BD50-E2CF-414B-AC47-CCD7D996E1B4}.Debug|Any CPU.ActiveCfg = Debug|Any CPU
		{02A1BD50-E2CF-414B-AC47-CCD7D996E1B4}.Debug|Any CPU.Build.0 = Debug|Any CPU
		{02A1BD50-E2CF-414B-AC47-CCD7D996E1B4}.Debug|x64.ActiveCfg = Debug|Any CPU
		{02A1BD50-E2CF-414B-AC47-CCD7D996E1B4}.Debug|x64.Build.0 = Debug|Any CPU
		{02A1BD50-E2CF-414B-AC47-CCD7D996E1B4}.Debug|x86.ActiveCfg = Debug|Any CPU
		{02A1BD50-E2CF-414B-AC47-CCD7D996E1B4}.Debug|x86.Build.0 = Debug|Any CPU
		{02A1BD50-E2CF-414B-AC47-CCD7D996E1B4}.Release|Any CPU.ActiveCfg = Release|Any CPU
		{02A1BD50-E2CF-414B-AC47-CCD7D996E1B4}.Release|Any CPU.Build.0 = Release|Any CPU
		{02A1BD50-E2CF-414B-AC47-CCD7D996E1B4}.Release|x64.ActiveCfg = Release|Any CPU
		{02A1BD50-E2CF-414B-AC47-CCD7D996E1B4}.Release|x64.Build.0 = Release|Any CPU
		{02A1BD50-E2CF-414B-AC47-CCD7D996E1B4}.Release|x86.ActiveCfg = Release|Any CPU
		{02A1BD50-E2CF-414B-AC47-CCD7D996E1B4}.Release|x86.Build.0 = Release|Any CPU
		{1EBE3CC5-F3C2-47CB-AD34-A54EFC4B00D8}.Debug|Any CPU.ActiveCfg = Debug|Any CPU
		{1EBE3CC5-F3C2-47CB-AD34-A54EFC4B00D8}.Debug|Any CPU.Build.0 = Debug|Any CPU
		{1EBE3CC5-F3C2-47CB-AD34-A54EFC4B00D8}.Debug|x64.ActiveCfg = Debug|Any CPU
		{1EBE3CC5-F3C2-47CB-AD34-A54EFC4B00D8}.Debug|x64.Build.0 = Debug|Any CPU
		{1EBE3CC5-F3C2-47CB-AD34-A54EFC4B00D8}.Debug|x86.ActiveCfg = Debug|Any CPU
		{1EBE3CC5-F3C2-47CB-AD34-A54EFC4B00D8}.Debug|x86.Build.0 = Debug|Any CPU
		{1EBE3CC5-F3C2-47CB-AD34-A54EFC4B00D8}.Release|Any CPU.ActiveCfg = Release|Any CPU
		{1EBE3CC5-F3C2-47CB-AD34-A54EFC4B00D8}.Release|Any CPU.Build.0 = Release|Any CPU
		{1EBE3CC5-F3C2-47CB-AD34-A54EFC4B00D8}.Release|x64.ActiveCfg = Release|Any CPU
		{1EBE3CC5-F3C2-47CB-AD34-A54EFC4B00D8}.Release|x64.Build.0 = Release|Any CPU
		{1EBE3CC5-F3C2-47CB-AD34-A54EFC4B00D8}.Release|x86.ActiveCfg = Release|Any CPU
		{1EBE3CC5-F3C2-47CB-AD34-A54EFC4B00D8}.Release|x86.Build.0 = Release|Any CPU
		{670FC715-5457-4F1E-AC44-34608CC0961F}.Debug|Any CPU.ActiveCfg = Debug|Any CPU
		{670FC715-5457-4F1E-AC44-34608CC0961F}.Debug|Any CPU.Build.0 = Debug|Any CPU
		{670FC715-5457-4F1E-AC44-34608CC0961F}.Debug|x64.ActiveCfg = Debug|Any CPU
		{670FC715-5457-4F1E-AC44-34608CC0961F}.Debug|x64.Build.0 = Debug|Any CPU
		{670FC715-5457-4F1E-AC44-34608CC0961F}.Debug|x86.ActiveCfg = Debug|Any CPU
		{670FC715-5457-4F1E-AC44-34608CC0961F}.Debug|x86.Build.0 = Debug|Any CPU
		{670FC715-5457-4F1E-AC44-34608CC0961F}.Release|Any CPU.ActiveCfg = Release|Any CPU
		{670FC715-5457-4F1E-AC44-34608CC0961F}.Release|Any CPU.Build.0 = Release|Any CPU
		{670FC715-5457-4F1E-AC44-34608CC0961F}.Release|x64.ActiveCfg = Release|Any CPU
		{670FC715-5457-4F1E-AC44-34608CC0961F}.Release|x64.Build.0 = Release|Any CPU
		{670FC715-5457-4F1E-AC44-34608CC0961F}.Release|x86.ActiveCfg = Release|Any CPU
		{670FC715-5457-4F1E-AC44-34608CC0961F}.Release|x86.Build.0 = Release|Any CPU
	EndGlobalSection
	GlobalSection(SolutionProperties) = preSolution
		HideSolutionNode = FALSE
	EndGlobalSection
	GlobalSection(NestedProjects) = preSolution
		{0614D7CA-345D-4A65-B5AC-1FD10E921E4F} = {827E0CD3-B72D-47B6-A68D-7590B98EB39B}
		{1D005FA1-9048-4B16-ABF4-8568CBFF2D5F} = {0AB3BF05-4346-4AA6-1389-037BE0695223}
		{F15515BF-7799-4C57-B632-342B52B18C71} = {827E0CD3-B72D-47B6-A68D-7590B98EB39B}
		{02A1BD50-E2CF-414B-AC47-CCD7D996E1B4} = {0AB3BF05-4346-4AA6-1389-037BE0695223}
		{1EBE3CC5-F3C2-47CB-AD34-A54EFC4B00D8} = {760AB15A-8938-8D9B-BEDE-5CE1484B84C3}
		{670FC715-5457-4F1E-AC44-34608CC0961F} = {0AB3BF05-4346-4AA6-1389-037BE0695223}
	EndGlobalSection
EndGlobal
